
Microsoft Visual Studio Solution File, Format Version 12.00
# Visual Studio 15
VisualStudioVersion = 15.0.28307.329
MinimumVisualStudioVersion = 10.0.40219.1
Project("{FAE04EC0-301F-11D3-BF4B-00C04F79EFBC}") = "mvcPHONE", "mvcPHONE\mvcPHONE.csproj", "{26F34501-B436-4244-84BD-8CD9030037BB}"
EndProject
Project("{FAE04EC0-301F-11D3-BF4B-00C04F79EFBC}") = "apiPhone", "apiPhone\apiPhone.csproj", "{1442A172-7035-443D-A536-3ED6DC569FF7}"
EndProject
Project("{FAE04EC0-301F-11D3-BF4B-00C04F79EFBC}") = "appPhone.Android", "appPhone\appPhone.Android\appPhone.Android.csproj", "{8EFD2E98-3551-48A0-845B-D6CE483178AF}"
EndProject
Project("{FAE04EC0-301F-11D3-BF4B-00C04F79EFBC}") = "appPhone.iOS", "appPhone\appPhone.iOS\appPhone.iOS.csproj", "{AEAE3A88-C1FE-4BD4-A2E3-7E7AB1581146}"
EndProject
Project("{FAE04EC0-301F-11D3-BF4B-00C04F79EFBC}") = "appPhone", "appPhone\appPhone\appPhone.csproj", "{1C5C136C-7E74-40E9-B168-8F910FDCF5C1}"
EndProject
Global
	GlobalSection(SolutionConfigurationPlatforms) = preSolution
		Ad-Hoc|Any CPU = Ad-Hoc|Any CPU
		Ad-Hoc|iPhone = Ad-Hoc|iPhone
		Ad-Hoc|iPhoneSimulator = Ad-Hoc|iPhoneSimulator
		AppStore|Any CPU = AppStore|Any CPU
		AppStore|iPhone = AppStore|iPhone
		AppStore|iPhoneSimulator = AppStore|iPhoneSimulator
		Debug|Any CPU = Debug|Any CPU
		Debug|iPhone = Debug|iPhone
		Debug|iPhoneSimulator = Debug|iPhoneSimulator
		Release|Any CPU = Release|Any CPU
		Release|iPhone = Release|iPhone
		Release|iPhoneSimulator = Release|iPhoneSimulator
	EndGlobalSection
	GlobalSection(ProjectConfigurationPlatforms) = postSolution
		{26F34501-B436-4244-84BD-8CD9030037BB}.Ad-Hoc|Any CPU.ActiveCfg = Release|Any CPU
		{26F34501-B436-4244-84BD-8CD9030037BB}.Ad-Hoc|Any CPU.Build.0 = Release|Any CPU
		{26F34501-B436-4244-84BD-8CD9030037BB}.Ad-Hoc|iPhone.ActiveCfg = Release|Any CPU
		{26F34501-B436-4244-84BD-8CD9030037BB}.Ad-Hoc|iPhone.Build.0 = Release|Any CPU
		{26F34501-B436-4244-84BD-8CD9030037BB}.Ad-Hoc|iPhoneSimulator.ActiveCfg = Release|Any CPU
		{26F34501-B436-4244-84BD-8CD9030037BB}.Ad-Hoc|iPhoneSimulator.Build.0 = Release|Any CPU
		{26F34501-B436-4244-84BD-8CD9030037BB}.AppStore|Any CPU.ActiveCfg = Release|Any CPU
		{26F34501-B436-4244-84BD-8CD9030037BB}.AppStore|Any CPU.Build.0 = Release|Any CPU
		{26F34501-B436-4244-84BD-8CD9030037BB}.AppStore|iPhone.ActiveCfg = Release|Any CPU
		{26F34501-B436-4244-84BD-8CD9030037BB}.AppStore|iPhone.Build.0 = Release|Any CPU
		{26F34501-B436-4244-84BD-8CD9030037BB}.AppStore|iPhoneSimulator.ActiveCfg = Release|Any CPU
		{26F34501-B436-4244-84BD-8CD9030037BB}.AppStore|iPhoneSimulator.Build.0 = Release|Any CPU
		{26F34501-B436-4244-84BD-8CD9030037BB}.Debug|Any CPU.ActiveCfg = Debug|Any CPU
		{26F34501-B436-4244-84BD-8CD9030037BB}.Debug|Any CPU.Build.0 = Debug|Any CPU
		{26F34501-B436-4244-84BD-8CD9030037BB}.Debug|iPhone.ActiveCfg = Debug|Any CPU
		{26F34501-B436-4244-84BD-8CD9030037BB}.Debug|iPhone.Build.0 = Debug|Any CPU
		{26F34501-B436-4244-84BD-8CD9030037BB}.Debug|iPhoneSimulator.ActiveCfg = Debug|Any CPU
		{26F34501-B436-4244-84BD-8CD9030037BB}.Debug|iPhoneSimulator.Build.0 = Debug|Any CPU
		{26F34501-B436-4244-84BD-8CD9030037BB}.Release|Any CPU.ActiveCfg = Release|Any CPU
		{26F34501-B436-4244-84BD-8CD9030037BB}.Release|Any CPU.Build.0 = Release|Any CPU
		{26F34501-B436-4244-84BD-8CD9030037BB}.Release|iPhone.ActiveCfg = Release|Any CPU
		{26F34501-B436-4244-84BD-8CD9030037BB}.Release|iPhone.Build.0 = Release|Any CPU
		{26F34501-B436-4244-84BD-8CD9030037BB}.Release|iPhoneSimulator.ActiveCfg = Release|Any CPU
		{26F34501-B436-4244-84BD-8CD9030037BB}.Release|iPhoneSimulator.Build.0 = Release|Any CPU
		{1442A172-7035-443D-A536-3ED6DC569FF7}.Ad-Hoc|Any CPU.ActiveCfg = Release|Any CPU
		{1442A172-7035-443D-A536-3ED6DC569FF7}.Ad-Hoc|Any CPU.Build.0 = Release|Any CPU
		{1442A172-7035-443D-A536-3ED6DC569FF7}.Ad-Hoc|iPhone.ActiveCfg = Release|Any CPU
		{1442A172-7035-443D-A536-3ED6DC569FF7}.Ad-Hoc|iPhone.Build.0 = Release|Any CPU
		{1442A172-7035-443D-A536-3ED6DC569FF7}.Ad-Hoc|iPhoneSimulator.ActiveCfg = Release|Any CPU
		{1442A172-7035-443D-A536-3ED6DC569FF7}.Ad-Hoc|iPhoneSimulator.Build.0 = Release|Any CPU
		{1442A172-7035-443D-A536-3ED6DC569FF7}.AppStore|Any CPU.ActiveCfg = Release|Any CPU
		{1442A172-7035-443D-A536-3ED6DC569FF7}.AppStore|Any CPU.Build.0 = Release|Any CPU
		{1442A172-7035-443D-A536-3ED6DC569FF7}.AppStore|iPhone.ActiveCfg = Release|Any CPU
		{1442A172-7035-443D-A536-3ED6DC569FF7}.AppStore|iPhone.Build.0 = Release|Any CPU
		{1442A172-7035-443D-A536-3ED6DC569FF7}.AppStore|iPhoneSimulator.ActiveCfg = Release|Any CPU
		{1442A172-7035-443D-A536-3ED6DC569FF7}.AppStore|iPhoneSimulator.Build.0 = Release|Any CPU
		{1442A172-7035-443D-A536-3ED6DC569FF7}.Debug|Any CPU.ActiveCfg = Debug|Any CPU
		{1442A172-7035-443D-A536-3ED6DC569FF7}.Debug|Any CPU.Build.0 = Debug|Any CPU
		{1442A172-7035-443D-A536-3ED6DC569FF7}.Debug|iPhone.ActiveCfg = Debug|Any CPU
		{1442A172-7035-443D-A536-3ED6DC569FF7}.Debug|iPhone.Build.0 = Debug|Any CPU
		{1442A172-7035-443D-A536-3ED6DC569FF7}.Debug|iPhoneSimulator.ActiveCfg = Debug|Any CPU
		{1442A172-7035-443D-A536-3ED6DC569FF7}.Debug|iPhoneSimulator.Build.0 = Debug|Any CPU
		{1442A172-7035-443D-A536-3ED6DC569FF7}.Release|Any CPU.ActiveCfg = Release|Any CPU
		{1442A172-7035-443D-A536-3ED6DC569FF7}.Release|Any CPU.Build.0 = Release|Any CPU
		{1442A172-7035-443D-A536-3ED6DC569FF7}.Release|iPhone.ActiveCfg = Release|Any CPU
		{1442A172-7035-443D-A536-3ED6DC569FF7}.Release|iPhone.Build.0 = Release|Any CPU
		{1442A172-7035-443D-A536-3ED6DC569FF7}.Release|iPhoneSimulator.ActiveCfg = Release|Any CPU
		{1442A172-7035-443D-A536-3ED6DC569FF7}.Release|iPhoneSimulator.Build.0 = Release|Any CPU
		{8EFD2E98-3551-48A0-845B-D6CE483178AF}.Ad-Hoc|Any CPU.ActiveCfg = Release|Any CPU
		{8EFD2E98-3551-48A0-845B-D6CE483178AF}.Ad-Hoc|Any CPU.Build.0 = Release|Any CPU
		{8EFD2E98-3551-48A0-845B-D6CE483178AF}.Ad-Hoc|Any CPU.Deploy.0 = Release|Any CPU
		{8EFD2E98-3551-48A0-845B-D6CE483178AF}.Ad-Hoc|iPhone.ActiveCfg = Release|Any CPU
		{8EFD2E98-3551-48A0-845B-D6CE483178AF}.Ad-Hoc|iPhone.Build.0 = Release|Any CPU
		{8EFD2E98-3551-48A0-845B-D6CE483178AF}.Ad-Hoc|iPhone.Deploy.0 = Release|Any CPU
		{8EFD2E98-3551-48A0-845B-D6CE483178AF}.Ad-Hoc|iPhoneSimulator.ActiveCfg = Release|Any CPU
		{8EFD2E98-3551-48A0-845B-D6CE483178AF}.Ad-Hoc|iPhoneSimulator.Build.0 = Release|Any CPU
		{8EFD2E98-3551-48A0-845B-D6CE483178AF}.Ad-Hoc|iPhoneSimulator.Deploy.0 = Release|Any CPU
		{8EFD2E98-3551-48A0-845B-D6CE483178AF}.AppStore|Any CPU.ActiveCfg = Release|Any CPU
		{8EFD2E98-3551-48A0-845B-D6CE483178AF}.AppStore|Any CPU.Build.0 = Release|Any CPU
		{8EFD2E98-3551-48A0-845B-D6CE483178AF}.AppStore|Any CPU.Deploy.0 = Release|Any CPU
		{8EFD2E98-3551-48A0-845B-D6CE483178AF}.AppStore|iPhone.ActiveCfg = Release|Any CPU
		{8EFD2E98-3551-48A0-845B-D6CE483178AF}.AppStore|iPhone.Build.0 = Release|Any CPU
		{8EFD2E98-3551-48A0-845B-D6CE483178AF}.AppStore|iPhone.Deploy.0 = Release|Any CPU
		{8EFD2E98-3551-48A0-845B-D6CE483178AF}.AppStore|iPhoneSimulator.ActiveCfg = Release|Any CPU
		{8EFD2E98-3551-48A0-845B-D6CE483178AF}.AppStore|iPhoneSimulator.Build.0 = Release|Any CPU
		{8EFD2E98-3551-48A0-845B-D6CE483178AF}.AppStore|iPhoneSimulator.Deploy.0 = Release|Any CPU
		{8EFD2E98-3551-48A0-845B-D6CE483178AF}.Debug|Any CPU.ActiveCfg = Debug|Any CPU
		{8EFD2E98-3551-48A0-845B-D6CE483178AF}.Debug|Any CPU.Build.0 = Debug|Any CPU
		{8EFD2E98-3551-48A0-845B-D6CE483178AF}.Debug|Any CPU.Deploy.0 = Debug|Any CPU
		{8EFD2E98-3551-48A0-845B-D6CE483178AF}.Debug|iPhone.ActiveCfg = Debug|Any CPU
		{8EFD2E98-3551-48A0-845B-D6CE483178AF}.Debug|iPhone.Build.0 = Debug|Any CPU
		{8EFD2E98-3551-48A0-845B-D6CE483178AF}.Debug|iPhone.Deploy.0 = Debug|Any CPU
		{8EFD2E98-3551-48A0-845B-D6CE483178AF}.Debug|iPhoneSimulator.ActiveCfg = Debug|Any CPU
		{8EFD2E98-3551-48A0-845B-D6CE483178AF}.Debug|iPhoneSimulator.Build.0 = Debug|Any CPU
		{8EFD2E98-3551-48A0-845B-D6CE483178AF}.Debug|iPhoneSimulator.Deploy.0 = Debug|Any CPU
		{8EFD2E98-3551-48A0-845B-D6CE483178AF}.Release|Any CPU.ActiveCfg = Release|Any CPU
		{8EFD2E98-3551-48A0-845B-D6CE483178AF}.Release|Any CPU.Build.0 = Release|Any CPU
		{8EFD2E98-3551-48A0-845B-D6CE483178AF}.Release|Any CPU.Deploy.0 = Release|Any CPU
		{8EFD2E98-3551-48A0-845B-D6CE483178AF}.Release|iPhone.ActiveCfg = Release|Any CPU
		{8EFD2E98-3551-48A0-845B-D6CE483178AF}.Release|iPhone.Build.0 = Release|Any CPU
		{8EFD2E98-3551-48A0-845B-D6CE483178AF}.Release|iPhone.Deploy.0 = Release|Any CPU
		{8EFD2E98-3551-48A0-845B-D6CE483178AF}.Release|iPhoneSimulator.ActiveCfg = Release|Any CPU
		{8EFD2E98-3551-48A0-845B-D6CE483178AF}.Release|iPhoneSimulator.Build.0 = Release|Any CPU
		{8EFD2E98-3551-48A0-845B-D6CE483178AF}.Release|iPhoneSimulator.Deploy.0 = Release|Any CPU
		{AEAE3A88-C1FE-4BD4-A2E3-7E7AB1581146}.Ad-Hoc|Any CPU.ActiveCfg = Ad-Hoc|iPhone
		{AEAE3A88-C1FE-4BD4-A2E3-7E7AB1581146}.Ad-Hoc|iPhone.ActiveCfg = Ad-Hoc|iPhone
		{AEAE3A88-C1FE-4BD4-A2E3-7E7AB1581146}.Ad-Hoc|iPhone.Build.0 = Ad-Hoc|iPhone
		{AEAE3A88-C1FE-4BD4-A2E3-7E7AB1581146}.Ad-Hoc|iPhoneSimulator.ActiveCfg = Ad-Hoc|iPhoneSimulator
		{AEAE3A88-C1FE-4BD4-A2E3-7E7AB1581146}.Ad-Hoc|iPhoneSimulator.Build.0 = Ad-Hoc|iPhoneSimulator
		{AEAE3A88-C1FE-4BD4-A2E3-7E7AB1581146}.AppStore|Any CPU.ActiveCfg = AppStore|iPhone
		{AEAE3A88-C1FE-4BD4-A2E3-7E7AB1581146}.AppStore|iPhone.ActiveCfg = AppStore|iPhone
		{AEAE3A88-C1FE-4BD4-A2E3-7E7AB1581146}.AppStore|iPhone.Build.0 = AppStore|iPhone
		{AEAE3A88-C1FE-4BD4-A2E3-7E7AB1581146}.AppStore|iPhoneSimulator.ActiveCfg = AppStore|iPhoneSimulator
		{AEAE3A88-C1FE-4BD4-A2E3-7E7AB1581146}.AppStore|iPhoneSimulator.Build.0 = AppStore|iPhoneSimulator
		{AEAE3A88-C1FE-4BD4-A2E3-7E7AB1581146}.Debug|Any CPU.ActiveCfg = Debug|iPhone
		{AEAE3A88-C1FE-4BD4-A2E3-7E7AB1581146}.Debug|iPhone.ActiveCfg = Debug|iPhone
		{AEAE3A88-C1FE-4BD4-A2E3-7E7AB1581146}.Debug|iPhone.Build.0 = Debug|iPhone
		{AEAE3A88-C1FE-4BD4-A2E3-7E7AB1581146}.Debug|iPhoneSimulator.ActiveCfg = Debug|iPhoneSimulator
		{AEAE3A88-C1FE-4BD4-A2E3-7E7AB1581146}.Debug|iPhoneSimulator.Build.0 = Debug|iPhoneSimulator
		{AEAE3A88-C1FE-4BD4-A2E3-7E7AB1581146}.Release|Any CPU.ActiveCfg = Release|iPhone
		{AEAE3A88-C1FE-4BD4-A2E3-7E7AB1581146}.Release|iPhone.ActiveCfg = Release|iPhone
		{AEAE3A88-C1FE-4BD4-A2E3-7E7AB1581146}.Release|iPhone.Build.0 = Release|iPhone
		{AEAE3A88-C1FE-4BD4-A2E3-7E7AB1581146}.Release|iPhoneSimulator.ActiveCfg = Release|iPhoneSimulator
		{AEAE3A88-C1FE-4BD4-A2E3-7E7AB1581146}.Release|iPhoneSimulator.Build.0 = Release|iPhoneSimulator
		{1C5C136C-7E74-40E9-B168-8F910FDCF5C1}.Ad-Hoc|Any CPU.ActiveCfg = Debug|Any CPU
		{1C5C136C-7E74-40E9-B168-8F910FDCF5C1}.Ad-Hoc|Any CPU.Build.0 = Debug|Any CPU
		{1C5C136C-7E74-40E9-B168-8F910FDCF5C1}.Ad-Hoc|iPhone.ActiveCfg = Debug|Any CPU
		{1C5C136C-7E74-40E9-B168-8F910FDCF5C1}.Ad-Hoc|iPhone.Build.0 = Debug|Any CPU
		{1C5C136C-7E74-40E9-B168-8F910FDCF5C1}.Ad-Hoc|iPhoneSimulator.ActiveCfg = Debug|Any CPU
		{1C5C136C-7E74-40E9-B168-8F910FDCF5C1}.Ad-Hoc|iPhoneSimulator.Build.0 = Debug|Any CPU
		{1C5C136C-7E74-40E9-B168-8F910FDCF5C1}.AppStore|Any CPU.ActiveCfg = Debug|Any CPU
		{1C5C136C-7E74-40E9-B168-8F910FDCF5C1}.AppStore|Any CPU.Build.0 = Debug|Any CPU
		{1C5C136C-7E74-40E9-B168-8F910FDCF5C1}.AppStore|iPhone.ActiveCfg = Debug|Any CPU
		{1C5C136C-7E74-40E9-B168-8F910FDCF5C1}.AppStore|iPhone.Build.0 = Debug|Any CPU
		{1C5C136C-7E74-40E9-B168-8F910FDCF5C1}.AppStore|iPhoneSimulator.ActiveCfg = Debug|Any CPU
		{1C5C136C-7E74-40E9-B168-8F910FDCF5C1}.AppStore|iPhoneSimulator.Build.0 = Debug|Any CPU
		{1C5C136C-7E74-40E9-B168-8F910FDCF5C1}.Debug|Any CPU.ActiveCfg = Debug|Any CPU
		{1C5C136C-7E74-40E9-B168-8F910FDCF5C1}.Debug|Any CPU.Build.0 = Debug|Any CPU
		{1C5C136C-7E74-40E9-B168-8F910FDCF5C1}.Debug|iPhone.ActiveCfg = Debug|Any CPU
		{1C5C136C-7E74-40E9-B168-8F910FDCF5C1}.Debug|iPhone.Build.0 = Debug|Any CPU
		{1C5C136C-7E74-40E9-B168-8F910FDCF5C1}.Debug|iPhoneSimulator.ActiveCfg = Debug|Any CPU
		{1C5C136C-7E74-40E9-B168-8F910FDCF5C1}.Debug|iPhoneSimulator.Build.0 = Debug|Any CPU
		{1C5C136C-7E74-40E9-B168-8F910FDCF5C1}.Release|Any CPU.ActiveCfg = Release|Any CPU
		{1C5C136C-7E74-40E9-B168-8F910FDCF5C1}.Release|Any CPU.Build.0 = Release|Any CPU
		{1C5C136C-7E74-40E9-B168-8F910FDCF5C1}.Release|iPhone.ActiveCfg = Release|Any CPU
		{1C5C136C-7E74-40E9-B168-8F910FDCF5C1}.Release|iPhone.Build.0 = Release|Any CPU
		{1C5C136C-7E74-40E9-B168-8F910FDCF5C1}.Release|iPhoneSimulator.ActiveCfg = Release|Any CPU
		{1C5C136C-7E74-40E9-B168-8F910FDCF5C1}.Release|iPhoneSimulator.Build.0 = Release|Any CPU
	EndGlobalSection
	GlobalSection(SolutionProperties) = preSolution
		HideSolutionNode = FALSE
	EndGlobalSection
	GlobalSection(ExtensibilityGlobals) = postSolution
		SolutionGuid = {41EB4AC9-B995-4308-9F52-1451A3A85DAA}
	EndGlobalSection
EndGlobal
